
Microsoft Visual Studio Solution File, Format Version 12.00
# Visual Studio 2013
VisualStudioVersion = 12.0.21005.1
MinimumVisualStudioVersion = 10.0.40219.1
Project("{8BC9CEB8-8B4A-11D0-8D11-00A0C91BC942}") = "Evaluate_Reverse_Polish_Notation", "Evaluate_Reverse_Polish_Notation\Evaluate_Reverse_Polish_Notation.vcxproj", "{0473F59C-3318-4D7F-993B-C15F618B6267}"
EndProject
Project("{8BC9CEB8-8B4A-11D0-8D11-00A0C91BC942}") = "CommonClasses", "CommonClasses\CommonClasses.vcxproj", "{1050C59A-9EA9-4589-8213-DDED13283CB6}"
EndProject
Project("{8BC9CEB8-8B4A-11D0-8D11-00A0C91BC942}") = "Reverse_Words_in_a_String", "Reverse_Words_in_a_String\Reverse_Words_in_a_String.vcxproj", "{A224FB38-A93D-4D11-B9FB-1AB5B66200F5}"
EndProject
Project("{8BC9CEB8-8B4A-11D0-8D11-00A0C91BC942}") = "Max_Points_on_Line", "Max_Points_on_Line\Max_Points_on_Line.vcxproj", "{7BF161DE-C0CD-4BF9-B78D-5060FD854FFC}"
EndProject
Project("{8BC9CEB8-8B4A-11D0-8D11-00A0C91BC942}") = "Sort_List", "Sort_List\Sort_List.vcxproj", "{CF926D88-D960-4257-8464-A51EC18E53D0}"
EndProject
Project("{8BC9CEB8-8B4A-11D0-8D11-00A0C91BC942}") = "Insertion_Sort_List", "Insertion_Sort_List\Insertion_Sort_List.vcxproj", "{9F8363E2-A9E6-45B1-9751-658AB7458BA1}"
EndProject
Project("{8BC9CEB8-8B4A-11D0-8D11-00A0C91BC942}") = "LRU_Cache", "LRU_Cache\LRU_Cache.vcxproj", "{BEE602F4-518C-4992-9E53-B6DE48D37F9A}"
EndProject
Project("{8BC9CEB8-8B4A-11D0-8D11-00A0C91BC942}") = "Binary_Tree_Postorder_Traversal", "Binary_Tree_Postorder_Traversal\Binary_Tree_Postorder_Traversal.vcxproj", "{D46D4D9A-0CF8-4781-AB86-CF77F602F6BB}"
EndProject
Project("{8BC9CEB8-8B4A-11D0-8D11-00A0C91BC942}") = "Binary_Tree_Preorder_Traversal", "Binary_Tree_Preorder_Traversal\Binary_Tree_Preorder_Traversal.vcxproj", "{80751F6D-6F89-4D96-BB92-F05D2B98ACAD}"
EndProject
Project("{8BC9CEB8-8B4A-11D0-8D11-00A0C91BC942}") = "Reorder_List", "Reorder_List\Reorder_List.vcxproj", "{DF3B3BFB-2AD1-471C-B8E4-FE78FC2D4BC4}"
EndProject
Project("{8BC9CEB8-8B4A-11D0-8D11-00A0C91BC942}") = "Linked_List_Cycle_II", "Linked_List_Cycle_II\Linked_List_Cycle_II.vcxproj", "{B93D6F89-DB04-4CC7-A87F-7E1743540B39}"
EndProject
Project("{8BC9CEB8-8B4A-11D0-8D11-00A0C91BC942}") = "Word_Break", "Word_Break\Word_Break.vcxproj", "{8BAE653A-C8D3-415F-999F-C1F6966055B5}"
EndProject
Project("{8BC9CEB8-8B4A-11D0-8D11-00A0C91BC942}") = "Word_Break_II", "Word_Break_II\Word_Break_II.vcxproj", "{E9E18F82-4D4E-4522-A6B0-38FAC2B35BF5}"
EndProject
Project("{8BC9CEB8-8B4A-11D0-8D11-00A0C91BC942}") = "Copy_List_with_Random_Pointer", "Copy_List_with_Random_Pointer\Copy_List_with_Random_Pointer.vcxproj", "{50B84129-CC76-41AE-A3D3-4FA0C573513C}"
EndProject
Project("{2150E333-8FDC-42A3-9474-1A3956D46DE8}") = "Solution Items", "Solution Items", "{5FC4DFB9-66FD-4095-A39A-7C0A712A7B8A}"
	ProjectSection(SolutionItems) = preProject
		LeetCode_Experience.txt = LeetCode_Experience.txt
	EndProjectSection
EndProject
Project("{8BC9CEB8-8B4A-11D0-8D11-00A0C91BC942}") = "Single_Number", "Single_Number\Single_Number.vcxproj", "{A1E21594-E140-4201-A79F-DD28BAF3EC26}"
EndProject
Project("{8BC9CEB8-8B4A-11D0-8D11-00A0C91BC942}") = "Single_Number_II", "Single_Number_II\Single_Number_II.vcxproj", "{98CCF7B2-319A-4026-8F96-946AEB1DB5E4}"
EndProject
Project("{8BC9CEB8-8B4A-11D0-8D11-00A0C91BC942}") = "Candy", "Candy\Candy.vcxproj", "{94903EC3-8ABD-42BD-97C7-85958EEE75C3}"
EndProject
Project("{8BC9CEB8-8B4A-11D0-8D11-00A0C91BC942}") = "Gas_Station", "Gas_Station\Gas_Station.vcxproj", "{51AC7383-2B2F-4626-A46B-FEECE828F19A}"
EndProject
Project("{8BC9CEB8-8B4A-11D0-8D11-00A0C91BC942}") = "Clone_Graph", "Clone_Graph\Clone_Graph.vcxproj", "{42FD214F-1025-4E8C-8256-DD78ED293840}"
EndProject
Project("{8BC9CEB8-8B4A-11D0-8D11-00A0C91BC942}") = "Palindrome_Partitioning", "Palindrome Partitioning\Palindrome Partitioning.vcxproj", "{3E7B1705-FB77-4FB7-A624-EE717F78E932}"
EndProject
Project("{8BC9CEB8-8B4A-11D0-8D11-00A0C91BC942}") = "Palindrome_Partitioning_II", "Palindrome_Partitioning_II\Palindrome_Partitioning_II.vcxproj", "{B4220816-A229-448A-B672-4AB86B81EA3E}"
EndProject
Project("{8BC9CEB8-8B4A-11D0-8D11-00A0C91BC942}") = "Surrounded_Regions", "Surrounded_Regions\Surrounded_Regions.vcxproj", "{EA720529-1177-47C6-B535-ADA0749E56CF}"
EndProject
Project("{8BC9CEB8-8B4A-11D0-8D11-00A0C91BC942}") = "Sum_Root_to_Leaf_Numbers", "Sum_Root_to_Leaf_Numbers\Sum_Root_to_Leaf_Numbers.vcxproj", "{97BC729B-9340-47A8-A308-E70209F2C5AB}"
EndProject
Project("{8BC9CEB8-8B4A-11D0-8D11-00A0C91BC942}") = "Longest_Consecutive_Sequence", "Longest_Consecutive_Sequence\Longest_Consecutive_Sequence.vcxproj", "{E4A38036-8B41-47D5-944C-DA26509B6719}"
EndProject
Project("{8BC9CEB8-8B4A-11D0-8D11-00A0C91BC942}") = "Word_Ladder", "Word_Ladder\Word_Ladder.vcxproj", "{7D6364C3-1884-4CFC-A768-015376027D22}"
EndProject
Project("{8BC9CEB8-8B4A-11D0-8D11-00A0C91BC942}") = "Word_Ladder_II", "Word_Ladder_II\Word_Ladder_II.vcxproj", "{48CE9DD3-550E-4CEA-9E0A-4B121FB7738B}"
EndProject
Project("{8BC9CEB8-8B4A-11D0-8D11-00A0C91BC942}") = "Binary_Tree_Maximum_Path_Sum", "Binary_Tree_Maximum_Path_Sum\Binary_Tree_Maximum_Path_Sum.vcxproj", "{34684A47-77ED-492E-88C5-5D2636622600}"
EndProject
Project("{8BC9CEB8-8B4A-11D0-8D11-00A0C91BC942}") = "Valid_Palindrome", "Valid_Palindrome\Valid_Palindrome.vcxproj", "{9D7FFE73-E054-4036-8A44-8ABF29C3E23A}"
EndProject
Project("{8BC9CEB8-8B4A-11D0-8D11-00A0C91BC942}") = "Best_Time_to_Buy_and_Sell_Stock", "Best_Time_to_Buy_and_Sell_Stock\Best_Time_to_Buy_and_Sell_Stock.vcxproj", "{B1C91A48-3F4C-4810-9B3D-D8FD159559CE}"
EndProject
Project("{8BC9CEB8-8B4A-11D0-8D11-00A0C91BC942}") = "Best_Time_to_Buy_and_Sell_Stock_II", "Best_Time_to_Buy_and_Sell_Stock_II\Best_Time_to_Buy_and_Sell_Stock_II.vcxproj", "{C650ACE5-A972-4059-AADF-C36053FED97D}"
EndProject
Project("{8BC9CEB8-8B4A-11D0-8D11-00A0C91BC942}") = "Best_Time_to_Buy_and_Sell_Stock_III", "Best_Time_to_Buy_and_Sell_Stock_III\Best_Time_to_Buy_and_Sell_Stock_III.vcxproj", "{5FB018FC-A689-4D9B-BC33-A3850A9AA477}"
EndProject
Project("{8BC9CEB8-8B4A-11D0-8D11-00A0C91BC942}") = "Triangle", "Triangle\Triangle.vcxproj", "{3279186F-FE7B-4C71-B393-C33455CCFE90}"
EndProject
Project("{8BC9CEB8-8B4A-11D0-8D11-00A0C91BC942}") = "Pascal_Triangle", "Pascal_Triangle\Pascal_Triangle.vcxproj", "{EE2F44C0-4609-4E37-99D0-E20278D18BBC}"
EndProject
Project("{8BC9CEB8-8B4A-11D0-8D11-00A0C91BC942}") = "Pascal_Triangle_II", "Pascal_Triangle_II\Pascal_Triangle_II.vcxproj", "{D3C9D34E-055B-41B7-AE37-F503DD702DE4}"
EndProject
Project("{8BC9CEB8-8B4A-11D0-8D11-00A0C91BC942}") = "Populating_Next_Right_Pointers_in_Each_Node", "Populating_Next_Right_Pointers_in_Each_Node\Populating_Next_Right_Pointers_in_Each_Node.vcxproj", "{279FF8CA-D3D2-462D-8A6A-6DB5971BB489}"
EndProject
Project("{8BC9CEB8-8B4A-11D0-8D11-00A0C91BC942}") = "Populating_Next_Right_Pointers_in_Each_Node_II", "Populating_Next_Right_Pointers_in_Each_Node_II\Populating_Next_Right_Pointers_in_Each_Node_II.vcxproj", "{2464E066-38C4-45F5-92A0-DB094EF455DC}"
EndProject
Project("{8BC9CEB8-8B4A-11D0-8D11-00A0C91BC942}") = "Distinct_Subsequences", "Distinct_Subsequences\Distinct_Subsequences.vcxproj", "{AFFA6E50-82B1-4738-8ECA-A6F3D3ABA04C}"
EndProject
Project("{8BC9CEB8-8B4A-11D0-8D11-00A0C91BC942}") = "Flatten_Binary_Tree_to_Linked_List", "Flatten_Binary_Tree_to_Linked_List\Flatten_Binary_Tree_to_Linked_List.vcxproj", "{59EAD468-36E9-4AB9-83B7-547CAA2969EF}"
EndProject
Project("{8BC9CEB8-8B4A-11D0-8D11-00A0C91BC942}") = "Path_Sum", "Path_Sum\Path_Sum.vcxproj", "{65C1F3A9-6BFB-4CAC-8D2D-B89EA671FD01}"
EndProject
Project("{8BC9CEB8-8B4A-11D0-8D11-00A0C91BC942}") = "Path_Sum_II", "Path_Sum_II\Path_Sum_II.vcxproj", "{7DF41AFA-9BEC-4D27-A672-13B706251C24}"
EndProject
Project("{8BC9CEB8-8B4A-11D0-8D11-00A0C91BC942}") = "Minimum_Depth_of_Binary_Tree", "Minimum_Depth_of_Binary_Tree\Minimum_Depth_of_Binary_Tree.vcxproj", "{17062044-0054-456C-A22E-403F2FB3C605}"
EndProject
Project("{8BC9CEB8-8B4A-11D0-8D11-00A0C91BC942}") = "Maximum_Depth_of_Binary_Tree", "Maximum_Depth_of_Binary_Tree\Maximum_Depth_of_Binary_Tree.vcxproj", "{209B6186-BE97-47B2-832F-575368AFB1B1}"
EndProject
Project("{8BC9CEB8-8B4A-11D0-8D11-00A0C91BC942}") = "Balanced_Binary_Tree", "Balanced_Binary_Tree\Balanced_Binary_Tree.vcxproj", "{43C35CAB-46A2-480F-BFA5-21A6C528C80F}"
EndProject
Project("{8BC9CEB8-8B4A-11D0-8D11-00A0C91BC942}") = "Convert_Sorted_Array_to_Binary_Search_Tree", "Convert_Sorted_Array_to_Binary_Search_Tree\Convert_Sorted_Array_to_Binary_Search_Tree.vcxproj", "{85541DAA-2438-480A-AEC7-E25E89659AAB}"
EndProject
Project("{8BC9CEB8-8B4A-11D0-8D11-00A0C91BC942}") = "Convert_Sorted_List_to_Binary_Search_Tree", "Convert_Sorted_List_to_Binary_Search_Tree\Convert_Sorted_List_to_Binary_Search_Tree.vcxproj", "{2304C196-03C2-443F-9A98-158ADAD6C622}"
EndProject
Project("{8BC9CEB8-8B4A-11D0-8D11-00A0C91BC942}") = "Binary_Tree_Level_Order_Traversal_II", "Binary_Tree_Level_Order_Traversal_II\Binary_Tree_Level_Order_Traversal_II.vcxproj", "{05399117-8F80-4B90-B3FA-1BA40FE16D5F}"
EndProject
Project("{8BC9CEB8-8B4A-11D0-8D11-00A0C91BC942}") = "Binary_Tree_Level_Order_Traversal", "Binary_Tree_Level_Order_Traversal\Binary_Tree_Level_Order_Traversal.vcxproj", "{2DDC1A87-ABE2-4130-B60C-CDDDA7F37D6E}"
EndProject
Project("{8BC9CEB8-8B4A-11D0-8D11-00A0C91BC942}") = "Construct_Binary_Tree_from_Preorder_and_Inorder_Traversal", "Construct_Binary_Tree_from_Preorder_and_Inorder_Traversal\Construct_Binary_Tree_from_Preorder_and_Inorder_Traversal.vcxproj", "{F51FB268-4830-4A6B-B018-F8A5602E19E0}"
EndProject
Project("{8BC9CEB8-8B4A-11D0-8D11-00A0C91BC942}") = "Construct_Binary_Tree_from_Postorder_and_Inorder_Traversal", "Construct_Binary_Tree_from_Preorder_and_Postorder_Traversal\Construct_Binary_Tree_from_Preorder_and_Postorder_Traversal.vcxproj", "{3FC69970-36EC-445F-94EF-ADE903FCA1CC}"
EndProject
Project("{8BC9CEB8-8B4A-11D0-8D11-00A0C91BC942}") = "Binary_Tree_Zigzag_Level_Order_Traversal", "Binary_Tree_Zigzag_Level_Order_Traversal\Binary_Tree_Zigzag_Level_Order_Traversal.vcxproj", "{1543295C-526C-4BA0-860A-C0EC92D4AC7B}"
EndProject
Project("{8BC9CEB8-8B4A-11D0-8D11-00A0C91BC942}") = "Same_Tree", "Same_Tree\Same_Tree.vcxproj", "{A303C32B-5C34-4504-9CAD-4C17A3865BB6}"
EndProject
Project("{8BC9CEB8-8B4A-11D0-8D11-00A0C91BC942}") = "Symmetric_Tree", "Symmetric_Tree\Symmetric_Tree.vcxproj", "{BC7AA829-DBD4-447C-BBD3-574BC02A8BB8}"
EndProject
Project("{8BC9CEB8-8B4A-11D0-8D11-00A0C91BC942}") = "Validate_Binary_Search_Tree", "Validate_Binary_Search_Tree\Validate_Binary_Search_Tree.vcxproj", "{77904099-4436-40C7-9BA0-5065638E2764}"
EndProject
Project("{8BC9CEB8-8B4A-11D0-8D11-00A0C91BC942}") = "Recover_Binary_Search_Tree", "Recover_Binary_Search_Tree\Recover_Binary_Search_Tree.vcxproj", "{1F68AE46-AFD4-452C-81D8-72FE9D5E1CEE}"
EndProject
Project("{8BC9CEB8-8B4A-11D0-8D11-00A0C91BC942}") = "Decode_Ways", "Decode_Ways\Decode_Ways.vcxproj", "{092F34A9-F662-49C2-8DC6-2ACE6E3C57DF}"
EndProject
Project("{8BC9CEB8-8B4A-11D0-8D11-00A0C91BC942}") = "Binary_Tree_Inorder_Traversal", "Binary_Tree_Inorder_Traversal\Binary_Tree_Inorder_Traversal.vcxproj", "{A98F5658-239F-4323-9D93-57D524E75BC0}"
EndProject
Project("{8BC9CEB8-8B4A-11D0-8D11-00A0C91BC942}") = "Reverse_Linked_List_II", "Reverse_Linked_List_II\Reverse_Linked_List_II.vcxproj", "{B866E9EF-1588-4F03-8175-245CAED4691C}"
EndProject
Global
	GlobalSection(SolutionConfigurationPlatforms) = preSolution
		Debug|Win32 = Debug|Win32
		Release|Win32 = Release|Win32
	EndGlobalSection
	GlobalSection(ProjectConfigurationPlatforms) = postSolution
		{0473F59C-3318-4D7F-993B-C15F618B6267}.Debug|Win32.ActiveCfg = Debug|Win32
		{0473F59C-3318-4D7F-993B-C15F618B6267}.Debug|Win32.Build.0 = Debug|Win32
		{0473F59C-3318-4D7F-993B-C15F618B6267}.Release|Win32.ActiveCfg = Release|Win32
		{0473F59C-3318-4D7F-993B-C15F618B6267}.Release|Win32.Build.0 = Release|Win32
		{1050C59A-9EA9-4589-8213-DDED13283CB6}.Debug|Win32.ActiveCfg = Debug|Win32
		{1050C59A-9EA9-4589-8213-DDED13283CB6}.Debug|Win32.Build.0 = Debug|Win32
		{1050C59A-9EA9-4589-8213-DDED13283CB6}.Release|Win32.ActiveCfg = Release|Win32
		{1050C59A-9EA9-4589-8213-DDED13283CB6}.Release|Win32.Build.0 = Release|Win32
		{A224FB38-A93D-4D11-B9FB-1AB5B66200F5}.Debug|Win32.ActiveCfg = Debug|Win32
		{A224FB38-A93D-4D11-B9FB-1AB5B66200F5}.Debug|Win32.Build.0 = Debug|Win32
		{A224FB38-A93D-4D11-B9FB-1AB5B66200F5}.Release|Win32.ActiveCfg = Release|Win32
		{A224FB38-A93D-4D11-B9FB-1AB5B66200F5}.Release|Win32.Build.0 = Release|Win32
		{7BF161DE-C0CD-4BF9-B78D-5060FD854FFC}.Debug|Win32.ActiveCfg = Debug|Win32
		{7BF161DE-C0CD-4BF9-B78D-5060FD854FFC}.Debug|Win32.Build.0 = Debug|Win32
		{7BF161DE-C0CD-4BF9-B78D-5060FD854FFC}.Release|Win32.ActiveCfg = Release|Win32
		{7BF161DE-C0CD-4BF9-B78D-5060FD854FFC}.Release|Win32.Build.0 = Release|Win32
		{CF926D88-D960-4257-8464-A51EC18E53D0}.Debug|Win32.ActiveCfg = Debug|Win32
		{CF926D88-D960-4257-8464-A51EC18E53D0}.Debug|Win32.Build.0 = Debug|Win32
		{CF926D88-D960-4257-8464-A51EC18E53D0}.Release|Win32.ActiveCfg = Release|Win32
		{CF926D88-D960-4257-8464-A51EC18E53D0}.Release|Win32.Build.0 = Release|Win32
		{9F8363E2-A9E6-45B1-9751-658AB7458BA1}.Debug|Win32.ActiveCfg = Debug|Win32
		{9F8363E2-A9E6-45B1-9751-658AB7458BA1}.Debug|Win32.Build.0 = Debug|Win32
		{9F8363E2-A9E6-45B1-9751-658AB7458BA1}.Release|Win32.ActiveCfg = Release|Win32
		{9F8363E2-A9E6-45B1-9751-658AB7458BA1}.Release|Win32.Build.0 = Release|Win32
		{BEE602F4-518C-4992-9E53-B6DE48D37F9A}.Debug|Win32.ActiveCfg = Debug|Win32
		{BEE602F4-518C-4992-9E53-B6DE48D37F9A}.Debug|Win32.Build.0 = Debug|Win32
		{BEE602F4-518C-4992-9E53-B6DE48D37F9A}.Release|Win32.ActiveCfg = Release|Win32
		{BEE602F4-518C-4992-9E53-B6DE48D37F9A}.Release|Win32.Build.0 = Release|Win32
		{D46D4D9A-0CF8-4781-AB86-CF77F602F6BB}.Debug|Win32.ActiveCfg = Debug|Win32
		{D46D4D9A-0CF8-4781-AB86-CF77F602F6BB}.Debug|Win32.Build.0 = Debug|Win32
		{D46D4D9A-0CF8-4781-AB86-CF77F602F6BB}.Release|Win32.ActiveCfg = Release|Win32
		{D46D4D9A-0CF8-4781-AB86-CF77F602F6BB}.Release|Win32.Build.0 = Release|Win32
		{80751F6D-6F89-4D96-BB92-F05D2B98ACAD}.Debug|Win32.ActiveCfg = Debug|Win32
		{80751F6D-6F89-4D96-BB92-F05D2B98ACAD}.Debug|Win32.Build.0 = Debug|Win32
		{80751F6D-6F89-4D96-BB92-F05D2B98ACAD}.Release|Win32.ActiveCfg = Release|Win32
		{80751F6D-6F89-4D96-BB92-F05D2B98ACAD}.Release|Win32.Build.0 = Release|Win32
		{DF3B3BFB-2AD1-471C-B8E4-FE78FC2D4BC4}.Debug|Win32.ActiveCfg = Debug|Win32
		{DF3B3BFB-2AD1-471C-B8E4-FE78FC2D4BC4}.Debug|Win32.Build.0 = Debug|Win32
		{DF3B3BFB-2AD1-471C-B8E4-FE78FC2D4BC4}.Release|Win32.ActiveCfg = Release|Win32
		{DF3B3BFB-2AD1-471C-B8E4-FE78FC2D4BC4}.Release|Win32.Build.0 = Release|Win32
		{B93D6F89-DB04-4CC7-A87F-7E1743540B39}.Debug|Win32.ActiveCfg = Debug|Win32
		{B93D6F89-DB04-4CC7-A87F-7E1743540B39}.Debug|Win32.Build.0 = Debug|Win32
		{B93D6F89-DB04-4CC7-A87F-7E1743540B39}.Release|Win32.ActiveCfg = Release|Win32
		{B93D6F89-DB04-4CC7-A87F-7E1743540B39}.Release|Win32.Build.0 = Release|Win32
		{8BAE653A-C8D3-415F-999F-C1F6966055B5}.Debug|Win32.ActiveCfg = Debug|Win32
		{8BAE653A-C8D3-415F-999F-C1F6966055B5}.Debug|Win32.Build.0 = Debug|Win32
		{8BAE653A-C8D3-415F-999F-C1F6966055B5}.Release|Win32.ActiveCfg = Release|Win32
		{8BAE653A-C8D3-415F-999F-C1F6966055B5}.Release|Win32.Build.0 = Release|Win32
		{E9E18F82-4D4E-4522-A6B0-38FAC2B35BF5}.Debug|Win32.ActiveCfg = Debug|Win32
		{E9E18F82-4D4E-4522-A6B0-38FAC2B35BF5}.Debug|Win32.Build.0 = Debug|Win32
		{E9E18F82-4D4E-4522-A6B0-38FAC2B35BF5}.Release|Win32.ActiveCfg = Release|Win32
		{E9E18F82-4D4E-4522-A6B0-38FAC2B35BF5}.Release|Win32.Build.0 = Release|Win32
		{50B84129-CC76-41AE-A3D3-4FA0C573513C}.Debug|Win32.ActiveCfg = Debug|Win32
		{50B84129-CC76-41AE-A3D3-4FA0C573513C}.Debug|Win32.Build.0 = Debug|Win32
		{50B84129-CC76-41AE-A3D3-4FA0C573513C}.Release|Win32.ActiveCfg = Release|Win32
		{50B84129-CC76-41AE-A3D3-4FA0C573513C}.Release|Win32.Build.0 = Release|Win32
		{A1E21594-E140-4201-A79F-DD28BAF3EC26}.Debug|Win32.ActiveCfg = Debug|Win32
		{A1E21594-E140-4201-A79F-DD28BAF3EC26}.Debug|Win32.Build.0 = Debug|Win32
		{A1E21594-E140-4201-A79F-DD28BAF3EC26}.Release|Win32.ActiveCfg = Release|Win32
		{A1E21594-E140-4201-A79F-DD28BAF3EC26}.Release|Win32.Build.0 = Release|Win32
		{98CCF7B2-319A-4026-8F96-946AEB1DB5E4}.Debug|Win32.ActiveCfg = Debug|Win32
		{98CCF7B2-319A-4026-8F96-946AEB1DB5E4}.Debug|Win32.Build.0 = Debug|Win32
		{98CCF7B2-319A-4026-8F96-946AEB1DB5E4}.Release|Win32.ActiveCfg = Release|Win32
		{98CCF7B2-319A-4026-8F96-946AEB1DB5E4}.Release|Win32.Build.0 = Release|Win32
		{94903EC3-8ABD-42BD-97C7-85958EEE75C3}.Debug|Win32.ActiveCfg = Debug|Win32
		{94903EC3-8ABD-42BD-97C7-85958EEE75C3}.Debug|Win32.Build.0 = Debug|Win32
		{94903EC3-8ABD-42BD-97C7-85958EEE75C3}.Release|Win32.ActiveCfg = Release|Win32
		{94903EC3-8ABD-42BD-97C7-85958EEE75C3}.Release|Win32.Build.0 = Release|Win32
		{51AC7383-2B2F-4626-A46B-FEECE828F19A}.Debug|Win32.ActiveCfg = Debug|Win32
		{51AC7383-2B2F-4626-A46B-FEECE828F19A}.Debug|Win32.Build.0 = Debug|Win32
		{51AC7383-2B2F-4626-A46B-FEECE828F19A}.Release|Win32.ActiveCfg = Release|Win32
		{51AC7383-2B2F-4626-A46B-FEECE828F19A}.Release|Win32.Build.0 = Release|Win32
		{42FD214F-1025-4E8C-8256-DD78ED293840}.Debug|Win32.ActiveCfg = Debug|Win32
		{42FD214F-1025-4E8C-8256-DD78ED293840}.Debug|Win32.Build.0 = Debug|Win32
		{42FD214F-1025-4E8C-8256-DD78ED293840}.Release|Win32.ActiveCfg = Release|Win32
		{42FD214F-1025-4E8C-8256-DD78ED293840}.Release|Win32.Build.0 = Release|Win32
		{3E7B1705-FB77-4FB7-A624-EE717F78E932}.Debug|Win32.ActiveCfg = Debug|Win32
		{3E7B1705-FB77-4FB7-A624-EE717F78E932}.Debug|Win32.Build.0 = Debug|Win32
		{3E7B1705-FB77-4FB7-A624-EE717F78E932}.Release|Win32.ActiveCfg = Release|Win32
		{3E7B1705-FB77-4FB7-A624-EE717F78E932}.Release|Win32.Build.0 = Release|Win32
		{B4220816-A229-448A-B672-4AB86B81EA3E}.Debug|Win32.ActiveCfg = Debug|Win32
		{B4220816-A229-448A-B672-4AB86B81EA3E}.Debug|Win32.Build.0 = Debug|Win32
		{B4220816-A229-448A-B672-4AB86B81EA3E}.Release|Win32.ActiveCfg = Release|Win32
		{B4220816-A229-448A-B672-4AB86B81EA3E}.Release|Win32.Build.0 = Release|Win32
		{EA720529-1177-47C6-B535-ADA0749E56CF}.Debug|Win32.ActiveCfg = Debug|Win32
		{EA720529-1177-47C6-B535-ADA0749E56CF}.Debug|Win32.Build.0 = Debug|Win32
		{EA720529-1177-47C6-B535-ADA0749E56CF}.Release|Win32.ActiveCfg = Release|Win32
		{EA720529-1177-47C6-B535-ADA0749E56CF}.Release|Win32.Build.0 = Release|Win32
		{97BC729B-9340-47A8-A308-E70209F2C5AB}.Debug|Win32.ActiveCfg = Debug|Win32
		{97BC729B-9340-47A8-A308-E70209F2C5AB}.Debug|Win32.Build.0 = Debug|Win32
		{97BC729B-9340-47A8-A308-E70209F2C5AB}.Release|Win32.ActiveCfg = Release|Win32
		{97BC729B-9340-47A8-A308-E70209F2C5AB}.Release|Win32.Build.0 = Release|Win32
		{E4A38036-8B41-47D5-944C-DA26509B6719}.Debug|Win32.ActiveCfg = Debug|Win32
		{E4A38036-8B41-47D5-944C-DA26509B6719}.Debug|Win32.Build.0 = Debug|Win32
		{E4A38036-8B41-47D5-944C-DA26509B6719}.Release|Win32.ActiveCfg = Release|Win32
		{E4A38036-8B41-47D5-944C-DA26509B6719}.Release|Win32.Build.0 = Release|Win32
		{7D6364C3-1884-4CFC-A768-015376027D22}.Debug|Win32.ActiveCfg = Debug|Win32
		{7D6364C3-1884-4CFC-A768-015376027D22}.Debug|Win32.Build.0 = Debug|Win32
		{7D6364C3-1884-4CFC-A768-015376027D22}.Release|Win32.ActiveCfg = Release|Win32
		{7D6364C3-1884-4CFC-A768-015376027D22}.Release|Win32.Build.0 = Release|Win32
		{48CE9DD3-550E-4CEA-9E0A-4B121FB7738B}.Debug|Win32.ActiveCfg = Debug|Win32
		{48CE9DD3-550E-4CEA-9E0A-4B121FB7738B}.Debug|Win32.Build.0 = Debug|Win32
		{48CE9DD3-550E-4CEA-9E0A-4B121FB7738B}.Release|Win32.ActiveCfg = Release|Win32
		{48CE9DD3-550E-4CEA-9E0A-4B121FB7738B}.Release|Win32.Build.0 = Release|Win32
		{34684A47-77ED-492E-88C5-5D2636622600}.Debug|Win32.ActiveCfg = Debug|Win32
		{34684A47-77ED-492E-88C5-5D2636622600}.Debug|Win32.Build.0 = Debug|Win32
		{34684A47-77ED-492E-88C5-5D2636622600}.Release|Win32.ActiveCfg = Release|Win32
		{34684A47-77ED-492E-88C5-5D2636622600}.Release|Win32.Build.0 = Release|Win32
		{9D7FFE73-E054-4036-8A44-8ABF29C3E23A}.Debug|Win32.ActiveCfg = Debug|Win32
		{9D7FFE73-E054-4036-8A44-8ABF29C3E23A}.Debug|Win32.Build.0 = Debug|Win32
		{9D7FFE73-E054-4036-8A44-8ABF29C3E23A}.Release|Win32.ActiveCfg = Release|Win32
		{9D7FFE73-E054-4036-8A44-8ABF29C3E23A}.Release|Win32.Build.0 = Release|Win32
		{B1C91A48-3F4C-4810-9B3D-D8FD159559CE}.Debug|Win32.ActiveCfg = Debug|Win32
		{B1C91A48-3F4C-4810-9B3D-D8FD159559CE}.Debug|Win32.Build.0 = Debug|Win32
		{B1C91A48-3F4C-4810-9B3D-D8FD159559CE}.Release|Win32.ActiveCfg = Release|Win32
		{B1C91A48-3F4C-4810-9B3D-D8FD159559CE}.Release|Win32.Build.0 = Release|Win32
		{C650ACE5-A972-4059-AADF-C36053FED97D}.Debug|Win32.ActiveCfg = Debug|Win32
		{C650ACE5-A972-4059-AADF-C36053FED97D}.Debug|Win32.Build.0 = Debug|Win32
		{C650ACE5-A972-4059-AADF-C36053FED97D}.Release|Win32.ActiveCfg = Release|Win32
		{C650ACE5-A972-4059-AADF-C36053FED97D}.Release|Win32.Build.0 = Release|Win32
		{5FB018FC-A689-4D9B-BC33-A3850A9AA477}.Debug|Win32.ActiveCfg = Debug|Win32
		{5FB018FC-A689-4D9B-BC33-A3850A9AA477}.Debug|Win32.Build.0 = Debug|Win32
		{5FB018FC-A689-4D9B-BC33-A3850A9AA477}.Release|Win32.ActiveCfg = Release|Win32
		{5FB018FC-A689-4D9B-BC33-A3850A9AA477}.Release|Win32.Build.0 = Release|Win32
		{3279186F-FE7B-4C71-B393-C33455CCFE90}.Debug|Win32.ActiveCfg = Debug|Win32
		{3279186F-FE7B-4C71-B393-C33455CCFE90}.Debug|Win32.Build.0 = Debug|Win32
		{3279186F-FE7B-4C71-B393-C33455CCFE90}.Release|Win32.ActiveCfg = Release|Win32
		{3279186F-FE7B-4C71-B393-C33455CCFE90}.Release|Win32.Build.0 = Release|Win32
		{EE2F44C0-4609-4E37-99D0-E20278D18BBC}.Debug|Win32.ActiveCfg = Debug|Win32
		{EE2F44C0-4609-4E37-99D0-E20278D18BBC}.Debug|Win32.Build.0 = Debug|Win32
		{EE2F44C0-4609-4E37-99D0-E20278D18BBC}.Release|Win32.ActiveCfg = Release|Win32
		{EE2F44C0-4609-4E37-99D0-E20278D18BBC}.Release|Win32.Build.0 = Release|Win32
		{D3C9D34E-055B-41B7-AE37-F503DD702DE4}.Debug|Win32.ActiveCfg = Debug|Win32
		{D3C9D34E-055B-41B7-AE37-F503DD702DE4}.Debug|Win32.Build.0 = Debug|Win32
		{D3C9D34E-055B-41B7-AE37-F503DD702DE4}.Release|Win32.ActiveCfg = Release|Win32
		{D3C9D34E-055B-41B7-AE37-F503DD702DE4}.Release|Win32.Build.0 = Release|Win32
		{279FF8CA-D3D2-462D-8A6A-6DB5971BB489}.Debug|Win32.ActiveCfg = Debug|Win32
		{279FF8CA-D3D2-462D-8A6A-6DB5971BB489}.Debug|Win32.Build.0 = Debug|Win32
		{279FF8CA-D3D2-462D-8A6A-6DB5971BB489}.Release|Win32.ActiveCfg = Release|Win32
		{279FF8CA-D3D2-462D-8A6A-6DB5971BB489}.Release|Win32.Build.0 = Release|Win32
		{2464E066-38C4-45F5-92A0-DB094EF455DC}.Debug|Win32.ActiveCfg = Debug|Win32
		{2464E066-38C4-45F5-92A0-DB094EF455DC}.Debug|Win32.Build.0 = Debug|Win32
		{2464E066-38C4-45F5-92A0-DB094EF455DC}.Release|Win32.ActiveCfg = Release|Win32
		{2464E066-38C4-45F5-92A0-DB094EF455DC}.Release|Win32.Build.0 = Release|Win32
		{AFFA6E50-82B1-4738-8ECA-A6F3D3ABA04C}.Debug|Win32.ActiveCfg = Debug|Win32
		{AFFA6E50-82B1-4738-8ECA-A6F3D3ABA04C}.Debug|Win32.Build.0 = Debug|Win32
		{AFFA6E50-82B1-4738-8ECA-A6F3D3ABA04C}.Release|Win32.ActiveCfg = Release|Win32
		{AFFA6E50-82B1-4738-8ECA-A6F3D3ABA04C}.Release|Win32.Build.0 = Release|Win32
		{59EAD468-36E9-4AB9-83B7-547CAA2969EF}.Debug|Win32.ActiveCfg = Debug|Win32
		{59EAD468-36E9-4AB9-83B7-547CAA2969EF}.Debug|Win32.Build.0 = Debug|Win32
		{59EAD468-36E9-4AB9-83B7-547CAA2969EF}.Release|Win32.ActiveCfg = Release|Win32
		{59EAD468-36E9-4AB9-83B7-547CAA2969EF}.Release|Win32.Build.0 = Release|Win32
		{65C1F3A9-6BFB-4CAC-8D2D-B89EA671FD01}.Debug|Win32.ActiveCfg = Debug|Win32
		{65C1F3A9-6BFB-4CAC-8D2D-B89EA671FD01}.Debug|Win32.Build.0 = Debug|Win32
		{65C1F3A9-6BFB-4CAC-8D2D-B89EA671FD01}.Release|Win32.ActiveCfg = Release|Win32
		{65C1F3A9-6BFB-4CAC-8D2D-B89EA671FD01}.Release|Win32.Build.0 = Release|Win32
		{7DF41AFA-9BEC-4D27-A672-13B706251C24}.Debug|Win32.ActiveCfg = Debug|Win32
		{7DF41AFA-9BEC-4D27-A672-13B706251C24}.Debug|Win32.Build.0 = Debug|Win32
		{7DF41AFA-9BEC-4D27-A672-13B706251C24}.Release|Win32.ActiveCfg = Release|Win32
		{7DF41AFA-9BEC-4D27-A672-13B706251C24}.Release|Win32.Build.0 = Release|Win32
		{17062044-0054-456C-A22E-403F2FB3C605}.Debug|Win32.ActiveCfg = Debug|Win32
		{17062044-0054-456C-A22E-403F2FB3C605}.Debug|Win32.Build.0 = Debug|Win32
		{17062044-0054-456C-A22E-403F2FB3C605}.Release|Win32.ActiveCfg = Release|Win32
		{17062044-0054-456C-A22E-403F2FB3C605}.Release|Win32.Build.0 = Release|Win32
		{209B6186-BE97-47B2-832F-575368AFB1B1}.Debug|Win32.ActiveCfg = Debug|Win32
		{209B6186-BE97-47B2-832F-575368AFB1B1}.Debug|Win32.Build.0 = Debug|Win32
		{209B6186-BE97-47B2-832F-575368AFB1B1}.Release|Win32.ActiveCfg = Release|Win32
		{209B6186-BE97-47B2-832F-575368AFB1B1}.Release|Win32.Build.0 = Release|Win32
		{43C35CAB-46A2-480F-BFA5-21A6C528C80F}.Debug|Win32.ActiveCfg = Debug|Win32
		{43C35CAB-46A2-480F-BFA5-21A6C528C80F}.Debug|Win32.Build.0 = Debug|Win32
		{43C35CAB-46A2-480F-BFA5-21A6C528C80F}.Release|Win32.ActiveCfg = Release|Win32
		{43C35CAB-46A2-480F-BFA5-21A6C528C80F}.Release|Win32.Build.0 = Release|Win32
		{85541DAA-2438-480A-AEC7-E25E89659AAB}.Debug|Win32.ActiveCfg = Debug|Win32
		{85541DAA-2438-480A-AEC7-E25E89659AAB}.Debug|Win32.Build.0 = Debug|Win32
		{85541DAA-2438-480A-AEC7-E25E89659AAB}.Release|Win32.ActiveCfg = Release|Win32
		{85541DAA-2438-480A-AEC7-E25E89659AAB}.Release|Win32.Build.0 = Release|Win32
		{2304C196-03C2-443F-9A98-158ADAD6C622}.Debug|Win32.ActiveCfg = Debug|Win32
		{2304C196-03C2-443F-9A98-158ADAD6C622}.Debug|Win32.Build.0 = Debug|Win32
		{2304C196-03C2-443F-9A98-158ADAD6C622}.Release|Win32.ActiveCfg = Release|Win32
		{2304C196-03C2-443F-9A98-158ADAD6C622}.Release|Win32.Build.0 = Release|Win32
		{05399117-8F80-4B90-B3FA-1BA40FE16D5F}.Debug|Win32.ActiveCfg = Debug|Win32
		{05399117-8F80-4B90-B3FA-1BA40FE16D5F}.Debug|Win32.Build.0 = Debug|Win32
		{05399117-8F80-4B90-B3FA-1BA40FE16D5F}.Release|Win32.ActiveCfg = Release|Win32
		{05399117-8F80-4B90-B3FA-1BA40FE16D5F}.Release|Win32.Build.0 = Release|Win32
		{2DDC1A87-ABE2-4130-B60C-CDDDA7F37D6E}.Debug|Win32.ActiveCfg = Debug|Win32
		{2DDC1A87-ABE2-4130-B60C-CDDDA7F37D6E}.Debug|Win32.Build.0 = Debug|Win32
		{2DDC1A87-ABE2-4130-B60C-CDDDA7F37D6E}.Release|Win32.ActiveCfg = Release|Win32
		{2DDC1A87-ABE2-4130-B60C-CDDDA7F37D6E}.Release|Win32.Build.0 = Release|Win32
		{F51FB268-4830-4A6B-B018-F8A5602E19E0}.Debug|Win32.ActiveCfg = Debug|Win32
		{F51FB268-4830-4A6B-B018-F8A5602E19E0}.Debug|Win32.Build.0 = Debug|Win32
		{F51FB268-4830-4A6B-B018-F8A5602E19E0}.Release|Win32.ActiveCfg = Release|Win32
		{F51FB268-4830-4A6B-B018-F8A5602E19E0}.Release|Win32.Build.0 = Release|Win32
		{3FC69970-36EC-445F-94EF-ADE903FCA1CC}.Debug|Win32.ActiveCfg = Debug|Win32
		{3FC69970-36EC-445F-94EF-ADE903FCA1CC}.Debug|Win32.Build.0 = Debug|Win32
		{3FC69970-36EC-445F-94EF-ADE903FCA1CC}.Release|Win32.ActiveCfg = Release|Win32
		{3FC69970-36EC-445F-94EF-ADE903FCA1CC}.Release|Win32.Build.0 = Release|Win32
		{1543295C-526C-4BA0-860A-C0EC92D4AC7B}.Debug|Win32.ActiveCfg = Debug|Win32
		{1543295C-526C-4BA0-860A-C0EC92D4AC7B}.Debug|Win32.Build.0 = Debug|Win32
		{1543295C-526C-4BA0-860A-C0EC92D4AC7B}.Release|Win32.ActiveCfg = Release|Win32
		{1543295C-526C-4BA0-860A-C0EC92D4AC7B}.Release|Win32.Build.0 = Release|Win32
		{A303C32B-5C34-4504-9CAD-4C17A3865BB6}.Debug|Win32.ActiveCfg = Debug|Win32
		{A303C32B-5C34-4504-9CAD-4C17A3865BB6}.Debug|Win32.Build.0 = Debug|Win32
		{A303C32B-5C34-4504-9CAD-4C17A3865BB6}.Release|Win32.ActiveCfg = Release|Win32
		{A303C32B-5C34-4504-9CAD-4C17A3865BB6}.Release|Win32.Build.0 = Release|Win32
		{BC7AA829-DBD4-447C-BBD3-574BC02A8BB8}.Debug|Win32.ActiveCfg = Debug|Win32
		{BC7AA829-DBD4-447C-BBD3-574BC02A8BB8}.Debug|Win32.Build.0 = Debug|Win32
		{BC7AA829-DBD4-447C-BBD3-574BC02A8BB8}.Release|Win32.ActiveCfg = Release|Win32
		{BC7AA829-DBD4-447C-BBD3-574BC02A8BB8}.Release|Win32.Build.0 = Release|Win32
		{77904099-4436-40C7-9BA0-5065638E2764}.Debug|Win32.ActiveCfg = Debug|Win32
		{77904099-4436-40C7-9BA0-5065638E2764}.Debug|Win32.Build.0 = Debug|Win32
		{77904099-4436-40C7-9BA0-5065638E2764}.Release|Win32.ActiveCfg = Release|Win32
		{77904099-4436-40C7-9BA0-5065638E2764}.Release|Win32.Build.0 = Release|Win32
		{1F68AE46-AFD4-452C-81D8-72FE9D5E1CEE}.Debug|Win32.ActiveCfg = Debug|Win32
		{1F68AE46-AFD4-452C-81D8-72FE9D5E1CEE}.Debug|Win32.Build.0 = Debug|Win32
		{1F68AE46-AFD4-452C-81D8-72FE9D5E1CEE}.Release|Win32.ActiveCfg = Release|Win32
		{1F68AE46-AFD4-452C-81D8-72FE9D5E1CEE}.Release|Win32.Build.0 = Release|Win32
		{092F34A9-F662-49C2-8DC6-2ACE6E3C57DF}.Debug|Win32.ActiveCfg = Debug|Win32
		{092F34A9-F662-49C2-8DC6-2ACE6E3C57DF}.Debug|Win32.Build.0 = Debug|Win32
		{092F34A9-F662-49C2-8DC6-2ACE6E3C57DF}.Release|Win32.ActiveCfg = Release|Win32
		{092F34A9-F662-49C2-8DC6-2ACE6E3C57DF}.Release|Win32.Build.0 = Release|Win32
		{A98F5658-239F-4323-9D93-57D524E75BC0}.Debug|Win32.ActiveCfg = Debug|Win32
		{A98F5658-239F-4323-9D93-57D524E75BC0}.Debug|Win32.Build.0 = Debug|Win32
		{A98F5658-239F-4323-9D93-57D524E75BC0}.Release|Win32.ActiveCfg = Release|Win32
		{A98F5658-239F-4323-9D93-57D524E75BC0}.Release|Win32.Build.0 = Release|Win32
		{B866E9EF-1588-4F03-8175-245CAED4691C}.Debug|Win32.ActiveCfg = Debug|Win32
		{B866E9EF-1588-4F03-8175-245CAED4691C}.Debug|Win32.Build.0 = Debug|Win32
		{B866E9EF-1588-4F03-8175-245CAED4691C}.Release|Win32.ActiveCfg = Release|Win32
		{B866E9EF-1588-4F03-8175-245CAED4691C}.Release|Win32.Build.0 = Release|Win32
	EndGlobalSection
	GlobalSection(SolutionProperties) = preSolution
		HideSolutionNode = FALSE
	EndGlobalSection
EndGlobal
